
Microsoft Visual Studio Solution File, Format Version 12.00
# Visual Studio Version 16
VisualStudioVersion = 16.0.30907.101
MinimumVisualStudioVersion = 10.0.40219.1
Project("{FAE04EC0-301F-11D3-BF4B-00C04F79EFBC}") = "CLC_MinesweeperMVC", "CLC_MinesweeperMVC.csproj", "{7438CAF5-C04F-4B0D-8084-DC02D874B4D8}"
EndProject
Project("{9A19103F-16F7-4668-BE54-9A1E7A4F7556}") = "Recipe_Shop", "..\..\..\Users\Stephan\source\repos\Recipe_Shop\Recipe_Shop\Recipe_Shop.csproj", "{49ADAFD7-23BD-444A-8F8C-81D30E640CEE}"
EndProject
Global
	GlobalSection(SolutionConfigurationPlatforms) = preSolution
		Debug|Any CPU = Debug|Any CPU
		Release|Any CPU = Release|Any CPU
	EndGlobalSection
	GlobalSection(ProjectConfigurationPlatforms) = postSolution
		{7438CAF5-C04F-4B0D-8084-DC02D874B4D8}.Debug|Any CPU.ActiveCfg = Debug|Any CPU
		{7438CAF5-C04F-4B0D-8084-DC02D874B4D8}.Debug|Any CPU.Build.0 = Debug|Any CPU
		{7438CAF5-C04F-4B0D-8084-DC02D874B4D8}.Release|Any CPU.ActiveCfg = Release|Any CPU
		{7438CAF5-C04F-4B0D-8084-DC02D874B4D8}.Release|Any CPU.Build.0 = Release|Any CPU
		{49ADAFD7-23BD-444A-8F8C-81D30E640CEE}.Debug|Any CPU.ActiveCfg = Debug|Any CPU
		{49ADAFD7-23BD-444A-8F8C-81D30E640CEE}.Debug|Any CPU.Build.0 = Debug|Any CPU
		{49ADAFD7-23BD-444A-8F8C-81D30E640CEE}.Release|Any CPU.ActiveCfg = Release|Any CPU
		{49ADAFD7-23BD-444A-8F8C-81D30E640CEE}.Release|Any CPU.Build.0 = Release|Any CPU
	EndGlobalSection
	GlobalSection(SolutionProperties) = preSolution
		HideSolutionNode = FALSE
	EndGlobalSection
	GlobalSection(ExtensibilityGlobals) = postSolution
		SolutionGuid = {B7B13142-98EF-42BB-850D-2CCEB735CC6F}
	EndGlobalSection
EndGlobal
